
Microsoft Visual Studio Solution File, Format Version 12.00
# Visual Studio Version 17
VisualStudioVersion = 17.3.32819.101
MinimumVisualStudioVersion = 10.0.40219.1
Project("{FAE04EC0-301F-11D3-BF4B-00C04F79EFBC}") = "Sonmezer_HelloWorld", "Sonmezer_HelloWorld.csproj", "{3922CC90-FF82-40B8-9295-01DD11E88881}"
EndProject
Global
	GlobalSection(SolutionConfigurationPlatforms) = preSolution
		Debug|Any CPU = Debug|Any CPU
		Release|Any CPU = Release|Any CPU
	EndGlobalSection
	GlobalSection(ProjectConfigurationPlatforms) = postSolution
		{3922CC90-FF82-40B8-9295-01DD11E88881}.Debug|Any CPU.ActiveCfg = Debug|Any CPU
		{3922CC90-FF82-40B8-9295-01DD11E88881}.Debug|Any CPU.Build.0 = Debug|Any CPU
		{3922CC90-FF82-40B8-9295-01DD11E88881}.Release|Any CPU.ActiveCfg = Release|Any CPU
		{3922CC90-FF82-40B8-9295-01DD11E88881}.Release|Any CPU.Build.0 = Release|Any CPU
	EndGlobalSection
	GlobalSection(SolutionProperties) = preSolution
		HideSolutionNode = FALSE
	EndGlobalSection
	GlobalSection(ExtensibilityGlobals) = postSolution
		SolutionGuid = {78B14847-725A-4AF2-B539-59D88DFCAD8D}
	EndGlobalSection
EndGlobal
